
Microsoft Visual Studio Solution File, Format Version 12.00
# Visual Studio Version 17
VisualStudioVersion = 17.1.32407.343
MinimumVisualStudioVersion = 10.0.40219.1
Project("{FAE04EC0-301F-11D3-BF4B-00C04F79EFBC}") = "DataTableToHTMLTableConverter", "DataTableToHTMLTableConverter\DataTableToHTMLTableConverter.csproj", "{1985269D-F47B-46F6-A299-A2A8718B6466}"
EndProject
Global
	GlobalSection(SolutionConfigurationPlatforms) = preSolution
		Debug|Any CPU = Debug|Any CPU
		Release|Any CPU = Release|Any CPU
	EndGlobalSection
	GlobalSection(ProjectConfigurationPlatforms) = postSolution
		{1985269D-F47B-46F6-A299-A2A8718B6466}.Debug|Any CPU.ActiveCfg = Debug|Any CPU
		{1985269D-F47B-46F6-A299-A2A8718B6466}.Debug|Any CPU.Build.0 = Debug|Any CPU
		{1985269D-F47B-46F6-A299-A2A8718B6466}.Release|Any CPU.ActiveCfg = Release|Any CPU
		{1985269D-F47B-46F6-A299-A2A8718B6466}.Release|Any CPU.Build.0 = Release|Any CPU
	EndGlobalSection
	GlobalSection(SolutionProperties) = preSolution
		HideSolutionNode = FALSE
	EndGlobalSection
	GlobalSection(ExtensibilityGlobals) = postSolution
		SolutionGuid = {2008FBF1-5C13-46A3-8F30-A7E3B3355252}
	EndGlobalSection
EndGlobal
